
Microsoft Visual Studio Solution File, Format Version 11.00
# Visual Studio 2010
Project("{FAE04EC0-301F-11D3-BF4B-00C04F79EFBC}") = "RoyalThumble", "Assembly-CSharp.csproj", "{177DE8D5-8351-4A25-3C87-8704C35BA854}"
EndProject
Global
	GlobalSection(SolutionConfigurationPlatforms) = preSolution
		Debug|Any CPU = Debug|Any CPU
		Release|Any CPU = Release|Any CPU
	EndGlobalSection
	GlobalSection(ProjectConfigurationPlatforms) = postSolution
		{177DE8D5-8351-4A25-3C87-8704C35BA854}.Debug|Any CPU.ActiveCfg = Debug|Any CPU
		{177DE8D5-8351-4A25-3C87-8704C35BA854}.Debug|Any CPU.Build.0 = Debug|Any CPU
		{177DE8D5-8351-4A25-3C87-8704C35BA854}.Release|Any CPU.ActiveCfg = Release|Any CPU
		{177DE8D5-8351-4A25-3C87-8704C35BA854}.Release|Any CPU.Build.0 = Release|Any CPU
	EndGlobalSection
	GlobalSection(SolutionProperties) = preSolution
		HideSolutionNode = FALSE
	EndGlobalSection
	GlobalSection(MonoDevelopProperties) = preSolution
		StartupItem = Assembly-CSharp.csproj
	EndGlobalSection
EndGlobal
